// !$*UTF8*$!
{
	archiveVersion = 1;
	classes = {
	};
	objectVersion = 55;
	objects = {

/* Begin PBXBuildFile section */
		855E1BB5287B32B500062BAA /* geometryReaderApp.swift in Sources */ = {isa = PBXBuildFile; fileRef = 855E1BB4287B32B500062BAA /* geometryReaderApp.swift */; };
		855E1BB7287B32B500062BAA /* ContentView.swift in Sources */ = {isa = PBXBuildFile; fileRef = 855E1BB6287B32B500062BAA /* ContentView.swift */; };
		855E1BB9287B32B600062BAA /* Assets.xcassets in Resources */ = {isa = PBXBuildFile; fileRef = 855E1BB8287B32B600062BAA /* Assets.xcassets */; };
		855E1BBC287B32B600062BAA /* Preview Assets.xcassets in Resources */ = {isa = PBXBuildFile; fileRef = 855E1BBB287B32B600062BAA /* Preview Assets.xcassets */; };
		855E1BC6287B32B600062BAA /* geometryReaderTests.swift in Sources */ = {isa = PBXBuildFile; fileRef = 855E1BC5287B32B600062BAA /* geometryReaderTests.swift */; };
		855E1BD0287B32B600062BAA /* geometryReaderUITests.swift in Sources */ = {isa = PBXBuildFile; fileRef = 855E1BCF287B32B600062BAA /* geometryReaderUITests.swift */; };
		855E1BD2287B32B600062BAA /* geometryReaderUITestsLaunchTests.swift in Sources */ = {isa = PBXBuildFile; fileRef = 855E1BD1287B32B600062BAA /* geometryReaderUITestsLaunchTests.swift */; };
/* End PBXBuildFile section */

/* Begin PBXContainerItemProxy section */
		855E1BC2287B32B600062BAA /* PBXContainerItemProxy */ = {
			isa = PBXContainerItemProxy;
			containerPortal = 855E1BA9287B32B500062BAA /* Project object */;
			proxyType = 1;
			remoteGlobalIDString = 855E1BB0287B32B500062BAA;
			remoteInfo = geometryReader;
		};
		855E1BCC287B32B600062BAA /* PBXContainerItemProxy */ = {
			isa = PBXContainerItemProxy;
			containerPortal = 855E1BA9287B32B500062BAA /* Project object */;
			proxyType = 1;
			remoteGlobalIDString = 855E1BB0287B32B500062BAA;
			remoteInfo = geometryReader;
		};
/* End PBXContainerItemProxy section */

/* Begin PBXFileReference section */
		855E1BB1287B32B500062BAA /* geometryReader.app */ = {isa = PBXFileReference; explicitFileType = wrapper.application; includeInIndex = 0; path = geometryReader.app; sourceTree = BUILT_PRODUCTS_DIR; };
		855E1BB4287B32B500062BAA /* geometryReaderApp.swift */ = {isa = PBXFileReference; lastKnownFileType = sourcecode.swift; path = geometryReaderApp.swift; sourceTree = "<group>"; };
		855E1BB6287B32B500062BAA /* ContentView.swift */ = {isa = PBXFileReference; lastKnownFileType = sourcecode.swift; path = ContentView.swift; sourceTree = "<group>"; };
		855E1BB8287B32B600062BAA /* Assets.xcassets */ = {isa = PBXFileReference; lastKnownFileType = folder.assetcatalog; path = Assets.xcassets; sourceTree = "<group>"; };
		855E1BBB287B32B600062BAA /* Preview Assets.xcassets */ = {isa = PBXFileReference; lastKnownFileType = folder.assetcatalog; path = "Preview Assets.xcassets"; sourceTree = "<group>"; };
		855E1BC1287B32B600062BAA /* geometryReaderTests.xctest */ = {isa = PBXFileReference; explicitFileType = wrapper.cfbundle; includeInIndex = 0; path = geometryReaderTests.xctest; sourceTree = BUILT_PRODUCTS_DIR; };
		855E1BC5287B32B600062BAA /* geometryReaderTests.swift */ = {isa = PBXFileReference; lastKnownFileType = sourcecode.swift; path = geometryReaderTests.swift; sourceTree = "<group>"; };
		855E1BCB287B32B600062BAA /* geometryReaderUITests.xctest */ = {isa = PBXFileReference; explicitFileType = wrapper.cfbundle; includeInIndex = 0; path = geometryReaderUITests.xctest; sourceTree = BUILT_PRODUCTS_DIR; };
		855E1BCF287B32B600062BAA /* geometryReaderUITests.swift */ = {isa = PBXFileReference; lastKnownFileType = sourcecode.swift; path = geometryReaderUITests.swift; sourceTree = "<group>"; };
		855E1BD1287B32B600062BAA /* geometryReaderUITestsLaunchTests.swift */ = {isa = PBXFileReference; lastKnownFileType = sourcecode.swift; path = geometryReaderUITestsLaunchTests.swift; sourceTree = "<group>"; };
/* End PBXFileReference section */

/* Begin PBXFrameworksBuildPhase section */
		855E1BAE287B32B500062BAA /* Frameworks */ = {
			isa = PBXFrameworksBuildPhase;
			buildActionMask = 2147483647;
			files = (
			);
			runOnlyForDeploymentPostprocessing = 0;
		};
		855E1BBE287B32B600062BAA /* Frameworks */ = {
			isa = PBXFrameworksBuildPhase;
			buildActionMask = 2147483647;
			files = (
			);
			runOnlyForDeploymentPostprocessing = 0;
		};
		855E1BC8287B32B600062BAA /* Frameworks */ = {
			isa = PBXFrameworksBuildPhase;
			buildActionMask = 2147483647;
			files = (
			);
			runOnlyForDeploymentPostprocessing = 0;
		};
/* End PBXFrameworksBuildPhase section */

/* Begin PBXGroup section */
		855E1BA8287B32B500062BAA = {
			isa = PBXGroup;
			children = (
				855E1BB3287B32B500062BAA /* geometryReader */,
				855E1BC4287B32B600062BAA /* geometryReaderTests */,
				855E1BCE287B32B600062BAA /* geometryReaderUITests */,
				855E1BB2287B32B500062BAA /* Products */,
			);
			sourceTree = "<group>";
		};
		855E1BB2287B32B500062BAA /* Products */ = {
			isa = PBXGroup;
			children = (
				855E1BB1287B32B500062BAA /* geometryReader.app */,
				855E1BC1287B32B600062BAA /* geometryReaderTests.xctest */,
				855E1BCB287B32B600062BAA /* geometryReaderUITests.xctest */,
			);
			name = Products;
			sourceTree = "<group>";
		};
		855E1BB3287B32B500062BAA /* geometryReader */ = {
			isa = PBXGroup;
			children = (
				855E1BB4287B32B500062BAA /* geometryReaderApp.swift */,
				855E1BB6287B32B500062BAA /* ContentView.swift */,
				855E1BB8287B32B600062BAA /* Assets.xcassets */,
				855E1BBA287B32B600062BAA /* Preview Content */,
			);
			path = geometryReader;
			sourceTree = "<group>";
		};
		855E1BBA287B32B600062BAA /* Preview Content */ = {
			isa = PBXGroup;
			children = (
				855E1BBB287B32B600062BAA /* Preview Assets.xcassets */,
			);
			path = "Preview Content";
			sourceTree = "<group>";
		};
		855E1BC4287B32B600062BAA /* geometryReaderTests */ = {
			isa = PBXGroup;
			children = (
				855E1BC5287B32B600062BAA /* geometryReaderTests.swift */,
			);
			path = geometryReaderTests;
			sourceTree = "<group>";
		};
		855E1BCE287B32B600062BAA /* geometryReaderUITests */ = {
			isa = PBXGroup;
			children = (
				855E1BCF287B32B600062BAA /* geometryReaderUITests.swift */,
				855E1BD1287B32B600062BAA /* geometryReaderUITestsLaunchTests.swift */,
			);
			path = geometryReaderUITests;
			sourceTree = "<group>";
		};
/* End PBXGroup section */

/* Begin PBXNativeTarget section */
		855E1BB0287B32B500062BAA /* geometryReader */ = {
			isa = PBXNativeTarget;
			buildConfigurationList = 855E1BD5287B32B600062BAA /* Build configuration list for PBXNativeTarget "geometryReader" */;
			buildPhases = (
				855E1BAD287B32B500062BAA /* Sources */,
				855E1BAE287B32B500062BAA /* Frameworks */,
				855E1BAF287B32B500062BAA /* Resources */,
			);
			buildRules = (
			);
			dependencies = (
			);
			name = geometryReader;
			productName = geometryReader;
			productReference = 855E1BB1287B32B500062BAA /* geometryReader.app */;
			productType = "com.apple.product-type.application";
		};
		855E1BC0287B32B600062BAA /* geometryReaderTests */ = {
			isa = PBXNativeTarget;
			buildConfigurationList = 855E1BD8287B32B600062BAA /* Build configuration list for PBXNativeTarget "geometryReaderTests" */;
			buildPhases = (
				855E1BBD287B32B600062BAA /* Sources */,
				855E1BBE287B32B600062BAA /* Frameworks */,
				855E1BBF287B32B600062BAA /* Resources */,
			);
			buildRules = (
			);
			dependencies = (
				855E1BC3287B32B600062BAA /* PBXTargetDependency */,
			);
			name = geometryReaderTests;
			productName = geometryReaderTests;
			productReference = 855E1BC1287B32B600062BAA /* geometryReaderTests.xctest */;
			productType = "com.apple.product-type.bundle.unit-test";
		};
		855E1BCA287B32B600062BAA /* geometryReaderUITests */ = {
			isa = PBXNativeTarget;
			buildConfigurationList = 855E1BDB287B32B600062BAA /* Build configuration list for PBXNativeTarget "geometryReaderUITests" */;
			buildPhases = (
				855E1BC7287B32B600062BAA /* Sources */,
				855E1BC8287B32B600062BAA /* Frameworks */,
				855E1BC9287B32B600062BAA /* Resources */,
			);
			buildRules = (
			);
			dependencies = (
				855E1BCD287B32B600062BAA /* PBXTargetDependency */,
			);
			name = geometryReaderUITests;
			productName = geometryReaderUITests;
			productReference = 855E1BCB287B32B600062BAA /* geometryReaderUITests.xctest */;
			productType = "com.apple.product-type.bundle.ui-testing";
		};
/* End PBXNativeTarget section */

/* Begin PBXProject section */
		855E1BA9287B32B500062BAA /* Project object */ = {
			isa = PBXProject;
			attributes = {
				BuildIndependentTargetsInParallel = 1;
				LastSwiftUpdateCheck = 1340;
				LastUpgradeCheck = 1340;
				TargetAttributes = {
					855E1BB0287B32B500062BAA = {
						CreatedOnToolsVersion = 13.4.1;
					};
					855E1BC0287B32B600062BAA = {
						CreatedOnToolsVersion = 13.4.1;
						TestTargetID = 855E1BB0287B32B500062BAA;
					};
					855E1BCA287B32B600062BAA = {
						CreatedOnToolsVersion = 13.4.1;
						TestTargetID = 855E1BB0287B32B500062BAA;
					};
				};
			};
			buildConfigurationList = 855E1BAC287B32B500062BAA /* Build configuration list for PBXProject "geometryReader" */;
			compatibilityVersion = "Xcode 13.0";
			developmentRegion = en;
			hasScannedForEncodings = 0;
			knownRegions = (
				en,
				Base,
			);
			mainGroup = 855E1BA8287B32B500062BAA;
			productRefGroup = 855E1BB2287B32B500062BAA /* Products */;
			projectDirPath = "";
			projectRoot = "";
			targets = (
				855E1BB0287B32B500062BAA /* geometryReader */,
				855E1BC0287B32B600062BAA /* geometryReaderTests */,
				855E1BCA287B32B600062BAA /* geometryReaderUITests */,
			);
		};
/* End PBXProject section */

/* Begin PBXResourcesBuildPhase section */
		855E1BAF287B32B500062BAA /* Resources */ = {
			isa = PBXResourcesBuildPhase;
			buildActionMask = 2147483647;
			files = (
				855E1BBC287B32B600062BAA /* Preview Assets.xcassets in Resources */,
				855E1BB9287B32B600062BAA /* Assets.xcassets in Resources */,
			);
			runOnlyForDeploymentPostprocessing = 0;
		};
		855E1BBF287B32B600062BAA /* Resources */ = {
			isa = PBXResourcesBuildPhase;
			buildActionMask = 2147483647;
			files = (
			);
			runOnlyForDeploymentPostprocessing = 0;
		};
		855E1BC9287B32B600062BAA /* Resources */ = {
			isa = PBXResourcesBuildPhase;
			buildActionMask = 2147483647;
			files = (
			);
			runOnlyForDeploymentPostprocessing = 0;
		};
/* End PBXResourcesBuildPhase section */

/* Begin PBXSourcesBuildPhase section */
		855E1BAD287B32B500062BAA /* Sources */ = {
			isa = PBXSourcesBuildPhase;
			buildActionMask = 2147483647;
			files = (
				855E1BB7287B32B500062BAA /* ContentView.swift in Sources */,
				855E1BB5287B32B500062BAA /* geometryReaderApp.swift in Sources */,
			);
			runOnlyForDeploymentPostprocessing = 0;
		};
		855E1BBD287B32B600062BAA /* Sources */ = {
			isa = PBXSourcesBuildPhase;
			buildActionMask = 2147483647;
			files = (
				855E1BC6287B32B600062BAA /* geometryReaderTests.swift in Sources */,
			);
			runOnlyForDeploymentPostprocessing = 0;
		};
		855E1BC7287B32B600062BAA /* Sources */ = {
			isa = PBXSourcesBuildPhase;
			buildActionMask = 2147483647;
			files = (
				855E1BD0287B32B600062BAA /* geometryReaderUITests.swift in Sources */,
				855E1BD2287B32B600062BAA /* geometryReaderUITestsLaunchTests.swift in Sources */,
			);
			runOnlyForDeploymentPostprocessing = 0;
		};
/* End PBXSourcesBuildPhase section */

/* Begin PBXTargetDependency section */
		855E1BC3287B32B600062BAA /* PBXTargetDependency */ = {
			isa = PBXTargetDependency;
			target = 855E1BB0287B32B500062BAA /* geometryReader */;
			targetProxy = 855E1BC2287B32B600062BAA /* PBXContainerItemProxy */;
		};
		855E1BCD287B32B600062BAA /* PBXTargetDependency */ = {
			isa = PBXTargetDependency;
			target = 855E1BB0287B32B500062BAA /* geometryReader */;
			targetProxy = 855E1BCC287B32B600062BAA /* PBXContainerItemProxy */;
		};
/* End PBXTargetDependency section */

/* Begin XCBuildConfiguration section */
		855E1BD3287B32B600062BAA /* Debug */ = {
			isa = XCBuildConfiguration;
			buildSettings = {
				ALWAYS_SEARCH_USER_PATHS = NO;
				CLANG_ANALYZER_NONNULL = YES;
				CLANG_ANALYZER_NUMBER_OBJECT_CONVERSION = YES_AGGRESSIVE;
				CLANG_CXX_LANGUAGE_STANDARD = "gnu++17";
				CLANG_ENABLE_MODULES = YES;
				CLANG_ENABLE_OBJC_ARC = YES;
				CLANG_ENABLE_OBJC_WEAK = YES;
				CLANG_WARN_BLOCK_CAPTURE_AUTORELEASING = YES;
				CLANG_WARN_BOOL_CONVERSION = YES;
				CLANG_WARN_COMMA = YES;
				CLANG_WARN_CONSTANT_CONVERSION = YES;
				CLANG_WARN_DEPRECATED_OBJC_IMPLEMENTATIONS = YES;
				CLANG_WARN_DIRECT_OBJC_ISA_USAGE = YES_ERROR;
				CLANG_WARN_DOCUMENTATION_COMMENTS = YES;
				CLANG_WARN_EMPTY_BODY = YES;
				CLANG_WARN_ENUM_CONVERSION = YES;
				CLANG_WARN_INFINITE_RECURSION = YES;
				CLANG_WARN_INT_CONVERSION = YES;
				CLANG_WARN_NON_LITERAL_NULL_CONVERSION = YES;
				CLANG_WARN_OBJC_IMPLICIT_RETAIN_SELF = YES;
				CLANG_WARN_OBJC_LITERAL_CONVERSION = YES;
				CLANG_WARN_OBJC_ROOT_CLASS = YES_ERROR;
				CLANG_WARN_QUOTED_INCLUDE_IN_FRAMEWORK_HEADER = YES;
				CLANG_WARN_RANGE_LOOP_ANALYSIS = YES;
				CLANG_WARN_STRICT_PROTOTYPES = YES;
				CLANG_WARN_SUSPICIOUS_MOVE = YES;
				CLANG_WARN_UNGUARDED_AVAILABILITY = YES_AGGRESSIVE;
				CLANG_WARN_UNREACHABLE_CODE = YES;
				CLANG_WARN__DUPLICATE_METHOD_MATCH = YES;
				COPY_PHASE_STRIP = NO;
				DEBUG_INFORMATION_FORMAT = dwarf;
				ENABLE_STRICT_OBJC_MSGSEND = YES;
				ENABLE_TESTABILITY = YES;
				GCC_C_LANGUAGE_STANDARD = gnu11;
				GCC_DYNAMIC_NO_PIC = NO;
				GCC_NO_COMMON_BLOCKS = YES;
				GCC_OPTIMIZATION_LEVEL = 0;
				GCC_PREPROCESSOR_DEFINITIONS = (
					"DEBUG=1",
					"$(inherited)",
				);
				GCC_WARN_64_TO_32_BIT_CONVERSION = YES;
				GCC_WARN_ABOUT_RETURN_TYPE = YES_ERROR;
				GCC_WARN_UNDECLARED_SELECTOR = YES;
				GCC_WARN_UNINITIALIZED_AUTOS = YES_AGGRESSIVE;
				GCC_WARN_UNUSED_FUNCTION = YES;
				GCC_WARN_UNUSED_VARIABLE = YES;
				IPHONEOS_DEPLOYMENT_TARGET = 15.5;
				MTL_ENABLE_DEBUG_INFO = INCLUDE_SOURCE;
				MTL_FAST_MATH = YES;
				ONLY_ACTIVE_ARCH = YES;
				SDKROOT = iphoneos;
				SWIFT_ACTIVE_COMPILATION_CONDITIONS = DEBUG;
				SWIFT_OPTIMIZATION_LEVEL = "-Onone";
			};
			name = Debug;
		};
		855E1BD4287B32B600062BAA /* Release */ = {
			isa = XCBuildConfiguration;
			buildSettings = {
				ALWAYS_SEARCH_USER_PATHS = NO;
				CLANG_ANALYZER_NONNULL = YES;
				CLANG_ANALYZER_NUMBER_OBJECT_CONVERSION = YES_AGGRESSIVE;
				CLANG_CXX_LANGUAGE_STANDARD = "gnu++17";
				CLANG_ENABLE_MODULES = YES;
				CLANG_ENABLE_OBJC_ARC = YES;
				CLANG_ENABLE_OBJC_WEAK = YES;
				CLANG_WARN_BLOCK_CAPTURE_AUTORELEASING = YES;
				CLANG_WARN_BOOL_CONVERSION = YES;
				CLANG_WARN_COMMA = YES;
				CLANG_WARN_CONSTANT_CONVERSION = YES;
				CLANG_WARN_DEPRECATED_OBJC_IMPLEMENTATIONS = YES;
				CLANG_WARN_DIRECT_OBJC_ISA_USAGE = YES_ERROR;
				CLANG_WARN_DOCUMENTATION_COMMENTS = YES;
				CLANG_WARN_EMPTY_BODY = YES;
				CLANG_WARN_ENUM_CONVERSION = YES;
				CLANG_WARN_INFINITE_RECURSION = YES;
				CLANG_WARN_INT_CONVERSION = YES;
				CLANG_WARN_NON_LITERAL_NULL_CONVERSION = YES;
				CLANG_WARN_OBJC_IMPLICIT_RETAIN_SELF = YES;
				CLANG_WARN_OBJC_LITERAL_CONVERSION = YES;
				CLANG_WARN_OBJC_ROOT_CLASS = YES_ERROR;
				CLANG_WARN_QUOTED_INCLUDE_IN_FRAMEWORK_HEADER = YES;
				CLANG_WARN_RANGE_LOOP_ANALYSIS = YES;
				CLANG_WARN_STRICT_PROTOTYPES = YES;
				CLANG_WARN_SUSPICIOUS_MOVE = YES;
				CLANG_WARN_UNGUARDED_AVAILABILITY = YES_AGGRESSIVE;
				CLANG_WARN_UNREACHABLE_CODE = YES;
				CLANG_WARN__DUPLICATE_METHOD_MATCH = YES;
				COPY_PHASE_STRIP = NO;
				DEBUG_INFORMATION_FORMAT = "dwarf-with-dsym";
				ENABLE_NS_ASSERTIONS = NO;
				ENABLE_STRICT_OBJC_MSGSEND = YES;
				GCC_C_LANGUAGE_STANDARD = gnu11;
				GCC_NO_COMMON_BLOCKS = YES;
				GCC_WARN_64_TO_32_BIT_CONVERSION = YES;
				GCC_WARN_ABOUT_RETURN_TYPE = YES_ERROR;
				GCC_WARN_UNDECLARED_SELECTOR = YES;
				GCC_WARN_UNINITIALIZED_AUTOS = YES_AGGRESSIVE;
				GCC_WARN_UNUSED_FUNCTION = YES;
				GCC_WARN_UNUSED_VARIABLE = YES;
				IPHONEOS_DEPLOYMENT_TARGET = 15.5;
				MTL_ENABLE_DEBUG_INFO = NO;
				MTL_FAST_MATH = YES;
				SDKROOT = iphoneos;
				SWIFT_COMPILATION_MODE = wholemodule;
				SWIFT_OPTIMIZATION_LEVEL = "-O";
				VALIDATE_PRODUCT = YES;
			};
			name = Release;
		};
		855E1BD6287B32B600062BAA /* Debug */ = {
			isa = XCBuildConfiguration;
			buildSettings = {
				ASSETCATALOG_COMPILER_APPICON_NAME = AppIcon;
				ASSETCATALOG_COMPILER_GLOBAL_ACCENT_COLOR_NAME = AccentColor;
				CODE_SIGN_STYLE = Automatic;
				CURRENT_PROJECT_VERSION = 1;
				DEVELOPMENT_ASSET_PATHS = "\"geometryReader/Preview Content\"";
				DEVELOPMENT_TEAM = S3646888C2;
				ENABLE_PREVIEWS = YES;
				GENERATE_INFOPLIST_FILE = YES;
				INFOPLIST_KEY_UIApplicationSceneManifest_Generation = YES;
				INFOPLIST_KEY_UIApplicationSupportsIndirectInputEvents = YES;
				INFOPLIST_KEY_UILaunchScreen_Generation = YES;
				INFOPLIST_KEY_UISupportedInterfaceOrientations_iPad = "UIInterfaceOrientationPortrait UIInterfaceOrientationPortraitUpsideDown UIInterfaceOrientationLandscapeLeft UIInterfaceOrientationLandscapeRight";
				INFOPLIST_KEY_UISupportedInterfaceOrientations_iPhone = "UIInterfaceOrientationPortrait UIInterfaceOrientationLandscapeLeft UIInterfaceOrientationLandscapeRight";
				LD_RUNPATH_SEARCH_PATHS = (
					"$(inherited)",
					"@executable_path/Frameworks",
				);
				MARKETING_VERSION = 1.0;
				PRODUCT_BUNDLE_IDENTIFIER = bilgin.geometryReader;
				PRODUCT_NAME = "$(TARGET_NAME)";
				SWIFT_EMIT_LOC_STRINGS = YES;
				SWIFT_VERSION = 5.0;
				TARGETED_DEVICE_FAMILY = "1,2";
			};
			name = Debug;
		};
		855E1BD7287B32B600062BAA /* Release */ = {
			isa = XCBuildConfiguration;
			buildSettings = {
				ASSETCATALOG_COMPILER_APPICON_NAME = AppIcon;
				ASSETCATALOG_COMPILER_GLOBAL_ACCENT_COLOR_NAME = AccentColor;
				CODE_SIGN_STYLE = Automatic;
				CURRENT_PROJECT_VERSION = 1;
				DEVELOPMENT_ASSET_PATHS = "\"geometryReader/Preview Content\"";
				DEVELOPMENT_TEAM = S3646888C2;
				ENABLE_PREVIEWS = YES;
				GENERATE_INFOPLIST_FILE = YES;
				INFOPLIST_KEY_UIApplicationSceneManifest_Generation = YES;
				INFOPLIST_KEY_UIApplicationSupportsIndirectInputEvents = YES;
				INFOPLIST_KEY_UILaunchScreen_Generation = YES;
				INFOPLIST_KEY_UISupportedInterfaceOrientations_iPad = "UIInterfaceOrientationPortrait UIInterfaceOrientationPortraitUpsideDown UIInterfaceOrientationLandscapeLeft UIInterfaceOrientationLandscapeRight";
				INFOPLIST_KEY_UISupportedInterfaceOrientations_iPhone = "UIInterfaceOrientationPortrait UIInterfaceOrientationLandscapeLeft UIInterfaceOrientationLandscapeRight";
				LD_RUNPATH_SEARCH_PATHS = (
					"$(inherited)",
					"@executable_path/Frameworks",
				);
				MARKETING_VERSION = 1.0;
				PRODUCT_BUNDLE_IDENTIFIER = bilgin.geometryReader;
				PRODUCT_NAME = "$(TARGET_NAME)";
				SWIFT_EMIT_LOC_STRINGS = YES;
				SWIFT_VERSION = 5.0;
				TARGETED_DEVICE_FAMILY = "1,2";
			};
			name = Release;
		};
		855E1BD9287B32B600062BAA /* Debug */ = {
			isa = XCBuildConfiguration;
			buildSettings = {
				ALWAYS_EMBED_SWIFT_STANDARD_LIBRARIES = YES;
				BUNDLE_LOADER = "$(TEST_HOST)";
				CODE_SIGN_STYLE = Automatic;
				CURRENT_PROJECT_VERSION = 1;
				DEVELOPMENT_TEAM = S3646888C2;
				GENERATE_INFOPLIST_FILE = YES;
				IPHONEOS_DEPLOYMENT_TARGET = 15.5;
				MARKETING_VERSION = 1.0;
				PRODUCT_BUNDLE_IDENTIFIER = bilgin.geometryReaderTests;
				PRODUCT_NAME = "$(TARGET_NAME)";
				SWIFT_EMIT_LOC_STRINGS = NO;
				SWIFT_VERSION = 5.0;
				TARGETED_DEVICE_FAMILY = "1,2";
				TEST_HOST = "$(BUILT_PRODUCTS_DIR)/geometryReader.app/geometryReader";
			};
			name = Debug;
		};
		855E1BDA287B32B600062BAA /* Release */ = {
			isa = XCBuildConfiguration;
			buildSettings = {
				ALWAYS_EMBED_SWIFT_STANDARD_LIBRARIES = YES;
				BUNDLE_LOADER = "$(TEST_HOST)";
				CODE_SIGN_STYLE = Automatic;
				CURRENT_PROJECT_VERSION = 1;
				DEVELOPMENT_TEAM = S3646888C2;
				GENERATE_INFOPLIST_FILE = YES;
				IPHONEOS_DEPLOYMENT_TARGET = 15.5;
				MARKETING_VERSION = 1.0;
				PRODUCT_BUNDLE_IDENTIFIER = bilgin.geometryReaderTests;
				PRODUCT_NAME = "$(TARGET_NAME)";
				SWIFT_EMIT_LOC_STRINGS = NO;
				SWIFT_VERSION = 5.0;
				TARGETED_DEVICE_FAMILY = "1,2";
				TEST_HOST = "$(BUILT_PRODUCTS_DIR)/geometryReader.app/geometryReader";
			};
			name = Release;
		};
		855E1BDC287B32B600062BAA /* Debug */ = {
			isa = XCBuildConfiguration;
			buildSettings = {
				ALWAYS_EMBED_SWIFT_STANDARD_LIBRARIES = YES;
				CODE_SIGN_STYLE = Automatic;
				CURRENT_PROJECT_VERSION = 1;
				DEVELOPMENT_TEAM = S3646888C2;
				GENERATE_INFOPLIST_FILE = YES;
				MARKETING_VERSION = 1.0;
				PRODUCT_BUNDLE_IDENTIFIER = bilgin.geometryReaderUITests;
				PRODUCT_NAME = "$(TARGET_NAME)";
				SWIFT_EMIT_LOC_STRINGS = NO;
				SWIFT_VERSION = 5.0;
				TARGETED_DEVICE_FAMILY = "1,2";
				TEST_TARGET_NAME = geometryReader;
			};
			name = Debug;
		};
		855E1BDD287B32B600062BAA /* Release */ = {
			isa = XCBuildConfiguration;
			buildSettings = {
				ALWAYS_EMBED_SWIFT_STANDARD_LIBRARIES = YES;
				CODE_SIGN_STYLE = Automatic;
				CURRENT_PROJECT_VERSION = 1;
				DEVELOPMENT_TEAM = S3646888C2;
				GENERATE_INFOPLIST_FILE = YES;
				MARKETING_VERSION = 1.0;
				PRODUCT_BUNDLE_IDENTIFIER = bilgin.geometryReaderUITests;
				PRODUCT_NAME = "$(TARGET_NAME)";
				SWIFT_EMIT_LOC_STRINGS = NO;
				SWIFT_VERSION = 5.0;
				TARGETED_DEVICE_FAMILY = "1,2";
				TEST_TARGET_NAME = geometryReader;
			};
			name = Release;
		};
/* End XCBuildConfiguration section */

/* Begin XCConfigurationList section */
		855E1BAC287B32B500062BAA /* Build configuration list for PBXProject "geometryReader" */ = {
			isa = XCConfigurationList;
			buildConfigurations = (
				855E1BD3287B32B600062BAA /* Debug */,
				855E1BD4287B32B600062BAA /* Release */,
			);
			defaultConfigurationIsVisible = 0;
			defaultConfigurationName = Release;
		};
		855E1BD5287B32B600062BAA /* Build configuration list for PBXNativeTarget "geometryReader" */ = {
			isa = XCConfigurationList;
			buildConfigurations = (
				855E1BD6287B32B600062BAA /* Debug */,
				855E1BD7287B32B600062BAA /* Release */,
			);
			defaultConfigurationIsVisible = 0;
			defaultConfigurationName = Release;
		};
		855E1BD8287B32B600062BAA /* Build configuration list for PBXNativeTarget "geometryReaderTests" */ = {
			isa = XCConfigurationList;
			buildConfigurations = (
				855E1BD9287B32B600062BAA /* Debug */,
				855E1BDA287B32B600062BAA /* Release */,
			);
			defaultConfigurationIsVisible = 0;
			defaultConfigurationName = Release;
		};
		855E1BDB287B32B600062BAA /* Build configuration list for PBXNativeTarget "geometryReaderUITests" */ = {
			isa = XCConfigurationList;
			buildConfigurations = (
				855E1BDC287B32B600062BAA /* Debug */,
				855E1BDD287B32B600062BAA /* Release */,
			);
			defaultConfigurationIsVisible = 0;
			defaultConfigurationName = Release;
		};
/* End XCConfigurationList section */
	};
	rootObject = 855E1BA9287B32B500062BAA /* Project object */;
}
