// !$*UTF8*$!
{
	archiveVersion = 1;
	classes = {
	};
	objectVersion = 55;
	objects = {

/* Begin PBXBuildFile section */
		855E1C57287BC19100062BAA /* __7_projectApp.swift in Sources */ = {isa = PBXBuildFile; fileRef = 855E1C56287BC19100062BAA /* __7_projectApp.swift */; };
		855E1C59287BC19100062BAA /* ContentView.swift in Sources */ = {isa = PBXBuildFile; fileRef = 855E1C58287BC19100062BAA /* ContentView.swift */; };
		855E1C5B287BC19200062BAA /* Assets.xcassets in Resources */ = {isa = PBXBuildFile; fileRef = 855E1C5A287BC19200062BAA /* Assets.xcassets */; };
		855E1C5E287BC19200062BAA /* Preview Assets.xcassets in Resources */ = {isa = PBXBuildFile; fileRef = 855E1C5D287BC19200062BAA /* Preview Assets.xcassets */; };
		855E1C68287BC19200062BAA /* __7_projectTests.swift in Sources */ = {isa = PBXBuildFile; fileRef = 855E1C67287BC19200062BAA /* __7_projectTests.swift */; };
		855E1C72287BC19200062BAA /* __7_projectUITests.swift in Sources */ = {isa = PBXBuildFile; fileRef = 855E1C71287BC19200062BAA /* __7_projectUITests.swift */; };
		855E1C74287BC19200062BAA /* __7_projectUITestsLaunchTests.swift in Sources */ = {isa = PBXBuildFile; fileRef = 855E1C73287BC19200062BAA /* __7_projectUITestsLaunchTests.swift */; };
/* End PBXBuildFile section */

/* Begin PBXContainerItemProxy section */
		855E1C64287BC19200062BAA /* PBXContainerItemProxy */ = {
			isa = PBXContainerItemProxy;
			containerPortal = 855E1C4B287BC19100062BAA /* Project object */;
			proxyType = 1;
			remoteGlobalIDString = 855E1C52287BC19100062BAA;
			remoteInfo = "2.7-project";
		};
		855E1C6E287BC19200062BAA /* PBXContainerItemProxy */ = {
			isa = PBXContainerItemProxy;
			containerPortal = 855E1C4B287BC19100062BAA /* Project object */;
			proxyType = 1;
			remoteGlobalIDString = 855E1C52287BC19100062BAA;
			remoteInfo = "2.7-project";
		};
/* End PBXContainerItemProxy section */

/* Begin PBXFileReference section */
		855E1C53287BC19100062BAA /* 2.7-project.app */ = {isa = PBXFileReference; explicitFileType = wrapper.application; includeInIndex = 0; path = "2.7-project.app"; sourceTree = BUILT_PRODUCTS_DIR; };
		855E1C56287BC19100062BAA /* __7_projectApp.swift */ = {isa = PBXFileReference; lastKnownFileType = sourcecode.swift; path = __7_projectApp.swift; sourceTree = "<group>"; };
		855E1C58287BC19100062BAA /* ContentView.swift */ = {isa = PBXFileReference; lastKnownFileType = sourcecode.swift; path = ContentView.swift; sourceTree = "<group>"; };
		855E1C5A287BC19200062BAA /* Assets.xcassets */ = {isa = PBXFileReference; lastKnownFileType = folder.assetcatalog; path = Assets.xcassets; sourceTree = "<group>"; };
		855E1C5D287BC19200062BAA /* Preview Assets.xcassets */ = {isa = PBXFileReference; lastKnownFileType = folder.assetcatalog; path = "Preview Assets.xcassets"; sourceTree = "<group>"; };
		855E1C63287BC19200062BAA /* 2.7-projectTests.xctest */ = {isa = PBXFileReference; explicitFileType = wrapper.cfbundle; includeInIndex = 0; path = "2.7-projectTests.xctest"; sourceTree = BUILT_PRODUCTS_DIR; };
		855E1C67287BC19200062BAA /* __7_projectTests.swift */ = {isa = PBXFileReference; lastKnownFileType = sourcecode.swift; path = __7_projectTests.swift; sourceTree = "<group>"; };
		855E1C6D287BC19200062BAA /* 2.7-projectUITests.xctest */ = {isa = PBXFileReference; explicitFileType = wrapper.cfbundle; includeInIndex = 0; path = "2.7-projectUITests.xctest"; sourceTree = BUILT_PRODUCTS_DIR; };
		855E1C71287BC19200062BAA /* __7_projectUITests.swift */ = {isa = PBXFileReference; lastKnownFileType = sourcecode.swift; path = __7_projectUITests.swift; sourceTree = "<group>"; };
		855E1C73287BC19200062BAA /* __7_projectUITestsLaunchTests.swift */ = {isa = PBXFileReference; lastKnownFileType = sourcecode.swift; path = __7_projectUITestsLaunchTests.swift; sourceTree = "<group>"; };
/* End PBXFileReference section */

/* Begin PBXFrameworksBuildPhase section */
		855E1C50287BC19100062BAA /* Frameworks */ = {
			isa = PBXFrameworksBuildPhase;
			buildActionMask = 2147483647;
			files = (
			);
			runOnlyForDeploymentPostprocessing = 0;
		};
		855E1C60287BC19200062BAA /* Frameworks */ = {
			isa = PBXFrameworksBuildPhase;
			buildActionMask = 2147483647;
			files = (
			);
			runOnlyForDeploymentPostprocessing = 0;
		};
		855E1C6A287BC19200062BAA /* Frameworks */ = {
			isa = PBXFrameworksBuildPhase;
			buildActionMask = 2147483647;
			files = (
			);
			runOnlyForDeploymentPostprocessing = 0;
		};
/* End PBXFrameworksBuildPhase section */

/* Begin PBXGroup section */
		855E1C4A287BC19100062BAA = {
			isa = PBXGroup;
			children = (
				855E1C55287BC19100062BAA /* 2.7-project */,
				855E1C66287BC19200062BAA /* 2.7-projectTests */,
				855E1C70287BC19200062BAA /* 2.7-projectUITests */,
				855E1C54287BC19100062BAA /* Products */,
			);
			sourceTree = "<group>";
		};
		855E1C54287BC19100062BAA /* Products */ = {
			isa = PBXGroup;
			children = (
				855E1C53287BC19100062BAA /* 2.7-project.app */,
				855E1C63287BC19200062BAA /* 2.7-projectTests.xctest */,
				855E1C6D287BC19200062BAA /* 2.7-projectUITests.xctest */,
			);
			name = Products;
			sourceTree = "<group>";
		};
		855E1C55287BC19100062BAA /* 2.7-project */ = {
			isa = PBXGroup;
			children = (
				855E1C56287BC19100062BAA /* __7_projectApp.swift */,
				855E1C58287BC19100062BAA /* ContentView.swift */,
				855E1C5A287BC19200062BAA /* Assets.xcassets */,
				855E1C5C287BC19200062BAA /* Preview Content */,
			);
			path = "2.7-project";
			sourceTree = "<group>";
		};
		855E1C5C287BC19200062BAA /* Preview Content */ = {
			isa = PBXGroup;
			children = (
				855E1C5D287BC19200062BAA /* Preview Assets.xcassets */,
			);
			path = "Preview Content";
			sourceTree = "<group>";
		};
		855E1C66287BC19200062BAA /* 2.7-projectTests */ = {
			isa = PBXGroup;
			children = (
				855E1C67287BC19200062BAA /* __7_projectTests.swift */,
			);
			path = "2.7-projectTests";
			sourceTree = "<group>";
		};
		855E1C70287BC19200062BAA /* 2.7-projectUITests */ = {
			isa = PBXGroup;
			children = (
				855E1C71287BC19200062BAA /* __7_projectUITests.swift */,
				855E1C73287BC19200062BAA /* __7_projectUITestsLaunchTests.swift */,
			);
			path = "2.7-projectUITests";
			sourceTree = "<group>";
		};
/* End PBXGroup section */

/* Begin PBXNativeTarget section */
		855E1C52287BC19100062BAA /* 2.7-project */ = {
			isa = PBXNativeTarget;
			buildConfigurationList = 855E1C77287BC19200062BAA /* Build configuration list for PBXNativeTarget "2.7-project" */;
			buildPhases = (
				855E1C4F287BC19100062BAA /* Sources */,
				855E1C50287BC19100062BAA /* Frameworks */,
				855E1C51287BC19100062BAA /* Resources */,
			);
			buildRules = (
			);
			dependencies = (
			);
			name = "2.7-project";
			productName = "2.7-project";
			productReference = 855E1C53287BC19100062BAA /* 2.7-project.app */;
			productType = "com.apple.product-type.application";
		};
		855E1C62287BC19200062BAA /* 2.7-projectTests */ = {
			isa = PBXNativeTarget;
			buildConfigurationList = 855E1C7A287BC19200062BAA /* Build configuration list for PBXNativeTarget "2.7-projectTests" */;
			buildPhases = (
				855E1C5F287BC19200062BAA /* Sources */,
				855E1C60287BC19200062BAA /* Frameworks */,
				855E1C61287BC19200062BAA /* Resources */,
			);
			buildRules = (
			);
			dependencies = (
				855E1C65287BC19200062BAA /* PBXTargetDependency */,
			);
			name = "2.7-projectTests";
			productName = "2.7-projectTests";
			productReference = 855E1C63287BC19200062BAA /* 2.7-projectTests.xctest */;
			productType = "com.apple.product-type.bundle.unit-test";
		};
		855E1C6C287BC19200062BAA /* 2.7-projectUITests */ = {
			isa = PBXNativeTarget;
			buildConfigurationList = 855E1C7D287BC19200062BAA /* Build configuration list for PBXNativeTarget "2.7-projectUITests" */;
			buildPhases = (
				855E1C69287BC19200062BAA /* Sources */,
				855E1C6A287BC19200062BAA /* Frameworks */,
				855E1C6B287BC19200062BAA /* Resources */,
			);
			buildRules = (
			);
			dependencies = (
				855E1C6F287BC19200062BAA /* PBXTargetDependency */,
			);
			name = "2.7-projectUITests";
			productName = "2.7-projectUITests";
			productReference = 855E1C6D287BC19200062BAA /* 2.7-projectUITests.xctest */;
			productType = "com.apple.product-type.bundle.ui-testing";
		};
/* End PBXNativeTarget section */

/* Begin PBXProject section */
		855E1C4B287BC19100062BAA /* Project object */ = {
			isa = PBXProject;
			attributes = {
				BuildIndependentTargetsInParallel = 1;
				LastSwiftUpdateCheck = 1340;
				LastUpgradeCheck = 1340;
				TargetAttributes = {
					855E1C52287BC19100062BAA = {
						CreatedOnToolsVersion = 13.4.1;
					};
					855E1C62287BC19200062BAA = {
						CreatedOnToolsVersion = 13.4.1;
						TestTargetID = 855E1C52287BC19100062BAA;
					};
					855E1C6C287BC19200062BAA = {
						CreatedOnToolsVersion = 13.4.1;
						TestTargetID = 855E1C52287BC19100062BAA;
					};
				};
			};
			buildConfigurationList = 855E1C4E287BC19100062BAA /* Build configuration list for PBXProject "2.7-project" */;
			compatibilityVersion = "Xcode 13.0";
			developmentRegion = en;
			hasScannedForEncodings = 0;
			knownRegions = (
				en,
				Base,
			);
			mainGroup = 855E1C4A287BC19100062BAA;
			productRefGroup = 855E1C54287BC19100062BAA /* Products */;
			projectDirPath = "";
			projectRoot = "";
			targets = (
				855E1C52287BC19100062BAA /* 2.7-project */,
				855E1C62287BC19200062BAA /* 2.7-projectTests */,
				855E1C6C287BC19200062BAA /* 2.7-projectUITests */,
			);
		};
/* End PBXProject section */

/* Begin PBXResourcesBuildPhase section */
		855E1C51287BC19100062BAA /* Resources */ = {
			isa = PBXResourcesBuildPhase;
			buildActionMask = 2147483647;
			files = (
				855E1C5E287BC19200062BAA /* Preview Assets.xcassets in Resources */,
				855E1C5B287BC19200062BAA /* Assets.xcassets in Resources */,
			);
			runOnlyForDeploymentPostprocessing = 0;
		};
		855E1C61287BC19200062BAA /* Resources */ = {
			isa = PBXResourcesBuildPhase;
			buildActionMask = 2147483647;
			files = (
			);
			runOnlyForDeploymentPostprocessing = 0;
		};
		855E1C6B287BC19200062BAA /* Resources */ = {
			isa = PBXResourcesBuildPhase;
			buildActionMask = 2147483647;
			files = (
			);
			runOnlyForDeploymentPostprocessing = 0;
		};
/* End PBXResourcesBuildPhase section */

/* Begin PBXSourcesBuildPhase section */
		855E1C4F287BC19100062BAA /* Sources */ = {
			isa = PBXSourcesBuildPhase;
			buildActionMask = 2147483647;
			files = (
				855E1C59287BC19100062BAA /* ContentView.swift in Sources */,
				855E1C57287BC19100062BAA /* __7_projectApp.swift in Sources */,
			);
			runOnlyForDeploymentPostprocessing = 0;
		};
		855E1C5F287BC19200062BAA /* Sources */ = {
			isa = PBXSourcesBuildPhase;
			buildActionMask = 2147483647;
			files = (
				855E1C68287BC19200062BAA /* __7_projectTests.swift in Sources */,
			);
			runOnlyForDeploymentPostprocessing = 0;
		};
		855E1C69287BC19200062BAA /* Sources */ = {
			isa = PBXSourcesBuildPhase;
			buildActionMask = 2147483647;
			files = (
				855E1C74287BC19200062BAA /* __7_projectUITestsLaunchTests.swift in Sources */,
				855E1C72287BC19200062BAA /* __7_projectUITests.swift in Sources */,
			);
			runOnlyForDeploymentPostprocessing = 0;
		};
/* End PBXSourcesBuildPhase section */

/* Begin PBXTargetDependency section */
		855E1C65287BC19200062BAA /* PBXTargetDependency */ = {
			isa = PBXTargetDependency;
			target = 855E1C52287BC19100062BAA /* 2.7-project */;
			targetProxy = 855E1C64287BC19200062BAA /* PBXContainerItemProxy */;
		};
		855E1C6F287BC19200062BAA /* PBXTargetDependency */ = {
			isa = PBXTargetDependency;
			target = 855E1C52287BC19100062BAA /* 2.7-project */;
			targetProxy = 855E1C6E287BC19200062BAA /* PBXContainerItemProxy */;
		};
/* End PBXTargetDependency section */

/* Begin XCBuildConfiguration section */
		855E1C75287BC19200062BAA /* Debug */ = {
			isa = XCBuildConfiguration;
			buildSettings = {
				ALWAYS_SEARCH_USER_PATHS = NO;
				CLANG_ANALYZER_NONNULL = YES;
				CLANG_ANALYZER_NUMBER_OBJECT_CONVERSION = YES_AGGRESSIVE;
				CLANG_CXX_LANGUAGE_STANDARD = "gnu++17";
				CLANG_ENABLE_MODULES = YES;
				CLANG_ENABLE_OBJC_ARC = YES;
				CLANG_ENABLE_OBJC_WEAK = YES;
				CLANG_WARN_BLOCK_CAPTURE_AUTORELEASING = YES;
				CLANG_WARN_BOOL_CONVERSION = YES;
				CLANG_WARN_COMMA = YES;
				CLANG_WARN_CONSTANT_CONVERSION = YES;
				CLANG_WARN_DEPRECATED_OBJC_IMPLEMENTATIONS = YES;
				CLANG_WARN_DIRECT_OBJC_ISA_USAGE = YES_ERROR;
				CLANG_WARN_DOCUMENTATION_COMMENTS = YES;
				CLANG_WARN_EMPTY_BODY = YES;
				CLANG_WARN_ENUM_CONVERSION = YES;
				CLANG_WARN_INFINITE_RECURSION = YES;
				CLANG_WARN_INT_CONVERSION = YES;
				CLANG_WARN_NON_LITERAL_NULL_CONVERSION = YES;
				CLANG_WARN_OBJC_IMPLICIT_RETAIN_SELF = YES;
				CLANG_WARN_OBJC_LITERAL_CONVERSION = YES;
				CLANG_WARN_OBJC_ROOT_CLASS = YES_ERROR;
				CLANG_WARN_QUOTED_INCLUDE_IN_FRAMEWORK_HEADER = YES;
				CLANG_WARN_RANGE_LOOP_ANALYSIS = YES;
				CLANG_WARN_STRICT_PROTOTYPES = YES;
				CLANG_WARN_SUSPICIOUS_MOVE = YES;
				CLANG_WARN_UNGUARDED_AVAILABILITY = YES_AGGRESSIVE;
				CLANG_WARN_UNREACHABLE_CODE = YES;
				CLANG_WARN__DUPLICATE_METHOD_MATCH = YES;
				COPY_PHASE_STRIP = NO;
				DEBUG_INFORMATION_FORMAT = dwarf;
				ENABLE_STRICT_OBJC_MSGSEND = YES;
				ENABLE_TESTABILITY = YES;
				GCC_C_LANGUAGE_STANDARD = gnu11;
				GCC_DYNAMIC_NO_PIC = NO;
				GCC_NO_COMMON_BLOCKS = YES;
				GCC_OPTIMIZATION_LEVEL = 0;
				GCC_PREPROCESSOR_DEFINITIONS = (
					"DEBUG=1",
					"$(inherited)",
				);
				GCC_WARN_64_TO_32_BIT_CONVERSION = YES;
				GCC_WARN_ABOUT_RETURN_TYPE = YES_ERROR;
				GCC_WARN_UNDECLARED_SELECTOR = YES;
				GCC_WARN_UNINITIALIZED_AUTOS = YES_AGGRESSIVE;
				GCC_WARN_UNUSED_FUNCTION = YES;
				GCC_WARN_UNUSED_VARIABLE = YES;
				IPHONEOS_DEPLOYMENT_TARGET = 15.5;
				MTL_ENABLE_DEBUG_INFO = INCLUDE_SOURCE;
				MTL_FAST_MATH = YES;
				ONLY_ACTIVE_ARCH = YES;
				SDKROOT = iphoneos;
				SWIFT_ACTIVE_COMPILATION_CONDITIONS = DEBUG;
				SWIFT_OPTIMIZATION_LEVEL = "-Onone";
			};
			name = Debug;
		};
		855E1C76287BC19200062BAA /* Release */ = {
			isa = XCBuildConfiguration;
			buildSettings = {
				ALWAYS_SEARCH_USER_PATHS = NO;
				CLANG_ANALYZER_NONNULL = YES;
				CLANG_ANALYZER_NUMBER_OBJECT_CONVERSION = YES_AGGRESSIVE;
				CLANG_CXX_LANGUAGE_STANDARD = "gnu++17";
				CLANG_ENABLE_MODULES = YES;
				CLANG_ENABLE_OBJC_ARC = YES;
				CLANG_ENABLE_OBJC_WEAK = YES;
				CLANG_WARN_BLOCK_CAPTURE_AUTORELEASING = YES;
				CLANG_WARN_BOOL_CONVERSION = YES;
				CLANG_WARN_COMMA = YES;
				CLANG_WARN_CONSTANT_CONVERSION = YES;
				CLANG_WARN_DEPRECATED_OBJC_IMPLEMENTATIONS = YES;
				CLANG_WARN_DIRECT_OBJC_ISA_USAGE = YES_ERROR;
				CLANG_WARN_DOCUMENTATION_COMMENTS = YES;
				CLANG_WARN_EMPTY_BODY = YES;
				CLANG_WARN_ENUM_CONVERSION = YES;
				CLANG_WARN_INFINITE_RECURSION = YES;
				CLANG_WARN_INT_CONVERSION = YES;
				CLANG_WARN_NON_LITERAL_NULL_CONVERSION = YES;
				CLANG_WARN_OBJC_IMPLICIT_RETAIN_SELF = YES;
				CLANG_WARN_OBJC_LITERAL_CONVERSION = YES;
				CLANG_WARN_OBJC_ROOT_CLASS = YES_ERROR;
				CLANG_WARN_QUOTED_INCLUDE_IN_FRAMEWORK_HEADER = YES;
				CLANG_WARN_RANGE_LOOP_ANALYSIS = YES;
				CLANG_WARN_STRICT_PROTOTYPES = YES;
				CLANG_WARN_SUSPICIOUS_MOVE = YES;
				CLANG_WARN_UNGUARDED_AVAILABILITY = YES_AGGRESSIVE;
				CLANG_WARN_UNREACHABLE_CODE = YES;
				CLANG_WARN__DUPLICATE_METHOD_MATCH = YES;
				COPY_PHASE_STRIP = NO;
				DEBUG_INFORMATION_FORMAT = "dwarf-with-dsym";
				ENABLE_NS_ASSERTIONS = NO;
				ENABLE_STRICT_OBJC_MSGSEND = YES;
				GCC_C_LANGUAGE_STANDARD = gnu11;
				GCC_NO_COMMON_BLOCKS = YES;
				GCC_WARN_64_TO_32_BIT_CONVERSION = YES;
				GCC_WARN_ABOUT_RETURN_TYPE = YES_ERROR;
				GCC_WARN_UNDECLARED_SELECTOR = YES;
				GCC_WARN_UNINITIALIZED_AUTOS = YES_AGGRESSIVE;
				GCC_WARN_UNUSED_FUNCTION = YES;
				GCC_WARN_UNUSED_VARIABLE = YES;
				IPHONEOS_DEPLOYMENT_TARGET = 15.5;
				MTL_ENABLE_DEBUG_INFO = NO;
				MTL_FAST_MATH = YES;
				SDKROOT = iphoneos;
				SWIFT_COMPILATION_MODE = wholemodule;
				SWIFT_OPTIMIZATION_LEVEL = "-O";
				VALIDATE_PRODUCT = YES;
			};
			name = Release;
		};
		855E1C78287BC19200062BAA /* Debug */ = {
			isa = XCBuildConfiguration;
			buildSettings = {
				ASSETCATALOG_COMPILER_APPICON_NAME = AppIcon;
				ASSETCATALOG_COMPILER_GLOBAL_ACCENT_COLOR_NAME = AccentColor;
				CODE_SIGN_STYLE = Automatic;
				CURRENT_PROJECT_VERSION = 1;
				DEVELOPMENT_ASSET_PATHS = "\"2.7-project/Preview Content\"";
				DEVELOPMENT_TEAM = S3646888C2;
				ENABLE_PREVIEWS = YES;
				GENERATE_INFOPLIST_FILE = YES;
				INFOPLIST_KEY_UIApplicationSceneManifest_Generation = YES;
				INFOPLIST_KEY_UIApplicationSupportsIndirectInputEvents = YES;
				INFOPLIST_KEY_UILaunchScreen_Generation = YES;
				INFOPLIST_KEY_UISupportedInterfaceOrientations_iPad = "UIInterfaceOrientationPortrait UIInterfaceOrientationPortraitUpsideDown UIInterfaceOrientationLandscapeLeft UIInterfaceOrientationLandscapeRight";
				INFOPLIST_KEY_UISupportedInterfaceOrientations_iPhone = "UIInterfaceOrientationPortrait UIInterfaceOrientationLandscapeLeft UIInterfaceOrientationLandscapeRight";
				LD_RUNPATH_SEARCH_PATHS = (
					"$(inherited)",
					"@executable_path/Frameworks",
				);
				MARKETING_VERSION = 1.0;
				PRODUCT_BUNDLE_IDENTIFIER = "bilgin.--7-project";
				PRODUCT_NAME = "$(TARGET_NAME)";
				SWIFT_EMIT_LOC_STRINGS = YES;
				SWIFT_VERSION = 5.0;
				TARGETED_DEVICE_FAMILY = "1,2";
			};
			name = Debug;
		};
		855E1C79287BC19200062BAA /* Release */ = {
			isa = XCBuildConfiguration;
			buildSettings = {
				ASSETCATALOG_COMPILER_APPICON_NAME = AppIcon;
				ASSETCATALOG_COMPILER_GLOBAL_ACCENT_COLOR_NAME = AccentColor;
				CODE_SIGN_STYLE = Automatic;
				CURRENT_PROJECT_VERSION = 1;
				DEVELOPMENT_ASSET_PATHS = "\"2.7-project/Preview Content\"";
				DEVELOPMENT_TEAM = S3646888C2;
				ENABLE_PREVIEWS = YES;
				GENERATE_INFOPLIST_FILE = YES;
				INFOPLIST_KEY_UIApplicationSceneManifest_Generation = YES;
				INFOPLIST_KEY_UIApplicationSupportsIndirectInputEvents = YES;
				INFOPLIST_KEY_UILaunchScreen_Generation = YES;
				INFOPLIST_KEY_UISupportedInterfaceOrientations_iPad = "UIInterfaceOrientationPortrait UIInterfaceOrientationPortraitUpsideDown UIInterfaceOrientationLandscapeLeft UIInterfaceOrientationLandscapeRight";
				INFOPLIST_KEY_UISupportedInterfaceOrientations_iPhone = "UIInterfaceOrientationPortrait UIInterfaceOrientationLandscapeLeft UIInterfaceOrientationLandscapeRight";
				LD_RUNPATH_SEARCH_PATHS = (
					"$(inherited)",
					"@executable_path/Frameworks",
				);
				MARKETING_VERSION = 1.0;
				PRODUCT_BUNDLE_IDENTIFIER = "bilgin.--7-project";
				PRODUCT_NAME = "$(TARGET_NAME)";
				SWIFT_EMIT_LOC_STRINGS = YES;
				SWIFT_VERSION = 5.0;
				TARGETED_DEVICE_FAMILY = "1,2";
			};
			name = Release;
		};
		855E1C7B287BC19200062BAA /* Debug */ = {
			isa = XCBuildConfiguration;
			buildSettings = {
				ALWAYS_EMBED_SWIFT_STANDARD_LIBRARIES = YES;
				BUNDLE_LOADER = "$(TEST_HOST)";
				CODE_SIGN_STYLE = Automatic;
				CURRENT_PROJECT_VERSION = 1;
				DEVELOPMENT_TEAM = S3646888C2;
				GENERATE_INFOPLIST_FILE = YES;
				IPHONEOS_DEPLOYMENT_TARGET = 15.5;
				MARKETING_VERSION = 1.0;
				PRODUCT_BUNDLE_IDENTIFIER = "bilgin.--7-projectTests";
				PRODUCT_NAME = "$(TARGET_NAME)";
				SWIFT_EMIT_LOC_STRINGS = NO;
				SWIFT_VERSION = 5.0;
				TARGETED_DEVICE_FAMILY = "1,2";
				TEST_HOST = "$(BUILT_PRODUCTS_DIR)/2.7-project.app/2.7-project";
			};
			name = Debug;
		};
		855E1C7C287BC19200062BAA /* Release */ = {
			isa = XCBuildConfiguration;
			buildSettings = {
				ALWAYS_EMBED_SWIFT_STANDARD_LIBRARIES = YES;
				BUNDLE_LOADER = "$(TEST_HOST)";
				CODE_SIGN_STYLE = Automatic;
				CURRENT_PROJECT_VERSION = 1;
				DEVELOPMENT_TEAM = S3646888C2;
				GENERATE_INFOPLIST_FILE = YES;
				IPHONEOS_DEPLOYMENT_TARGET = 15.5;
				MARKETING_VERSION = 1.0;
				PRODUCT_BUNDLE_IDENTIFIER = "bilgin.--7-projectTests";
				PRODUCT_NAME = "$(TARGET_NAME)";
				SWIFT_EMIT_LOC_STRINGS = NO;
				SWIFT_VERSION = 5.0;
				TARGETED_DEVICE_FAMILY = "1,2";
				TEST_HOST = "$(BUILT_PRODUCTS_DIR)/2.7-project.app/2.7-project";
			};
			name = Release;
		};
		855E1C7E287BC19200062BAA /* Debug */ = {
			isa = XCBuildConfiguration;
			buildSettings = {
				ALWAYS_EMBED_SWIFT_STANDARD_LIBRARIES = YES;
				CODE_SIGN_STYLE = Automatic;
				CURRENT_PROJECT_VERSION = 1;
				DEVELOPMENT_TEAM = S3646888C2;
				GENERATE_INFOPLIST_FILE = YES;
				MARKETING_VERSION = 1.0;
				PRODUCT_BUNDLE_IDENTIFIER = "bilgin.--7-projectUITests";
				PRODUCT_NAME = "$(TARGET_NAME)";
				SWIFT_EMIT_LOC_STRINGS = NO;
				SWIFT_VERSION = 5.0;
				TARGETED_DEVICE_FAMILY = "1,2";
				TEST_TARGET_NAME = "2.7-project";
			};
			name = Debug;
		};
		855E1C7F287BC19200062BAA /* Release */ = {
			isa = XCBuildConfiguration;
			buildSettings = {
				ALWAYS_EMBED_SWIFT_STANDARD_LIBRARIES = YES;
				CODE_SIGN_STYLE = Automatic;
				CURRENT_PROJECT_VERSION = 1;
				DEVELOPMENT_TEAM = S3646888C2;
				GENERATE_INFOPLIST_FILE = YES;
				MARKETING_VERSION = 1.0;
				PRODUCT_BUNDLE_IDENTIFIER = "bilgin.--7-projectUITests";
				PRODUCT_NAME = "$(TARGET_NAME)";
				SWIFT_EMIT_LOC_STRINGS = NO;
				SWIFT_VERSION = 5.0;
				TARGETED_DEVICE_FAMILY = "1,2";
				TEST_TARGET_NAME = "2.7-project";
			};
			name = Release;
		};
/* End XCBuildConfiguration section */

/* Begin XCConfigurationList section */
		855E1C4E287BC19100062BAA /* Build configuration list for PBXProject "2.7-project" */ = {
			isa = XCConfigurationList;
			buildConfigurations = (
				855E1C75287BC19200062BAA /* Debug */,
				855E1C76287BC19200062BAA /* Release */,
			);
			defaultConfigurationIsVisible = 0;
			defaultConfigurationName = Release;
		};
		855E1C77287BC19200062BAA /* Build configuration list for PBXNativeTarget "2.7-project" */ = {
			isa = XCConfigurationList;
			buildConfigurations = (
				855E1C78287BC19200062BAA /* Debug */,
				855E1C79287BC19200062BAA /* Release */,
			);
			defaultConfigurationIsVisible = 0;
			defaultConfigurationName = Release;
		};
		855E1C7A287BC19200062BAA /* Build configuration list for PBXNativeTarget "2.7-projectTests" */ = {
			isa = XCConfigurationList;
			buildConfigurations = (
				855E1C7B287BC19200062BAA /* Debug */,
				855E1C7C287BC19200062BAA /* Release */,
			);
			defaultConfigurationIsVisible = 0;
			defaultConfigurationName = Release;
		};
		855E1C7D287BC19200062BAA /* Build configuration list for PBXNativeTarget "2.7-projectUITests" */ = {
			isa = XCConfigurationList;
			buildConfigurations = (
				855E1C7E287BC19200062BAA /* Debug */,
				855E1C7F287BC19200062BAA /* Release */,
			);
			defaultConfigurationIsVisible = 0;
			defaultConfigurationName = Release;
		};
/* End XCConfigurationList section */
	};
	rootObject = 855E1C4B287BC19100062BAA /* Project object */;
}
